{
  "version": "5",
  "specifiers": {
    "jsr:@joyautomation/coral@^0.0.12": "0.0.12",
    "jsr:@joyautomation/tentacle-nats-schema@^0.0.9": "0.0.9",
    "jsr:@nats-io/jetstream@3.3": "3.3.1",
    "jsr:@nats-io/jetstream@3.3.1": "3.3.1",
    "jsr:@nats-io/kv@3": "3.3.1",
    "jsr:@nats-io/nats-core@3.3.1": "3.3.1",
    "jsr:@nats-io/nkeys@2.0.3": "2.0.3",
    "jsr:@nats-io/nuid@2.0.3": "2.0.3",
    "jsr:@nats-io/transport-deno@3.3": "3.3.1",
    "jsr:@std/bytes@^1.0.5": "1.0.6",
    "jsr:@std/fmt@^1.0.2": "1.0.9",
    "jsr:@std/io@0.225.2": "0.225.2",
    "npm:@pothos/core@^3.41.0": "3.41.2_graphql@16.13.1",
    "npm:@types/pg@^8.11.10": "8.20.0",
    "npm:graphql-yoga@^5.1.1": "5.18.1_graphql@16.13.1",
    "npm:graphql@^16.8.1": "16.13.1",
    "npm:pg@^8.13.0": "8.20.0",
    "npm:tweetnacl@1.0.3": "1.0.3"
  },
  "jsr": {
    "@joyautomation/coral@0.0.12": {
      "integrity": "a95c60c93c2fb9f434437fd975979038e3358f65621f55e9fd5b8d831aeda1ee",
      "dependencies": [
        "jsr:@std/fmt"
      ]
    },
    "@joyautomation/tentacle-nats-schema@0.0.9": {
      "integrity": "af9ba11e9134b13374d48e4903f8c0933efdca9c24b19eecbccfdd84f5865e82"
    },
    "@nats-io/jetstream@3.3.1": {
      "integrity": "0881df18ff746d42598af428d5a80abc695e998a679fcfc5303f18dd67958d4c",
      "dependencies": [
        "jsr:@nats-io/nats-core"
      ]
    },
    "@nats-io/kv@3.3.1": {
      "integrity": "6900c5e1a5cfc30fcc7d33368ff2403bd3015d6ccab5fddf725c3101953c5a75",
      "dependencies": [
        "jsr:@nats-io/jetstream@3.3.1",
        "jsr:@nats-io/nats-core"
      ]
    },
    "@nats-io/nats-core@3.3.1": {
      "integrity": "61c9624a9f775399a817f3fea7fa84445942ba47108d50b1f1d0ab1eba55a4ea",
      "dependencies": [
        "jsr:@nats-io/nkeys",
        "jsr:@nats-io/nuid"
      ]
    },
    "@nats-io/nkeys@2.0.3": {
      "integrity": "e92c96eea32b559f2e0f32555b49376942d66c07e59efff9180dbf29e516fbd8",
      "dependencies": [
        "npm:tweetnacl"
      ]
    },
    "@nats-io/nuid@2.0.3": {
      "integrity": "c1069446e43dfa4f5e599c398a1bfc1be0c8dab1c839b6d2b9c3617cc1998306"
    },
    "@nats-io/transport-deno@3.3.1": {
      "integrity": "414e7b31e48f0baf8d6bc9803b9b4effd620c7e44a672f33ed0bae2028f0d885",
      "dependencies": [
        "jsr:@nats-io/nats-core",
        "jsr:@std/io"
      ]
    },
    "@std/bytes@1.0.6": {
      "integrity": "f6ac6adbd8ccd99314045f5703e23af0a68d7f7e58364b47d2c7f408aeb5820a"
    },
    "@std/fmt@1.0.9": {
      "integrity": "2487343e8899fb2be5d0e3d35013e54477ada198854e52dd05ed0422eddcabe0"
    },
    "@std/io@0.225.2": {
      "integrity": "3c740cd4ee4c082e6cfc86458f47e2ab7cb353dc6234d5e9b1f91a2de5f4d6c7",
      "dependencies": [
        "jsr:@std/bytes"
      ]
    }
  },
  "npm": {
    "@envelop/core@5.5.1": {
      "integrity": "sha512-3DQg8sFskDo386TkL5j12jyRAdip/8yzK3x7YGbZBgobZ4aKXrvDU0GppU0SnmrpQnNaiTUsxBs9LKkwQ/eyvw==",
      "dependencies": [
        "@envelop/instrumentation",
        "@envelop/types",
        "@whatwg-node/promise-helpers",
        "tslib"
      ]
    },
    "@envelop/instrumentation@1.0.0": {
      "integrity": "sha512-cxgkB66RQB95H3X27jlnxCRNTmPuSTgmBAq6/4n2Dtv4hsk4yz8FadA1ggmd0uZzvKqWD6CR+WFgTjhDqg7eyw==",
      "dependencies": [
        "@whatwg-node/promise-helpers",
        "tslib"
      ]
    },
    "@envelop/types@5.2.1": {
      "integrity": "sha512-CsFmA3u3c2QoLDTfEpGr4t25fjMU31nyvse7IzWTvb0ZycuPjMjb0fjlheh+PbhBYb9YLugnT2uY6Mwcg1o+Zg==",
      "dependencies": [
        "@whatwg-node/promise-helpers",
        "tslib"
      ]
    },
    "@fastify/busboy@3.2.0": {
      "integrity": "sha512-m9FVDXU3GT2ITSe0UaMA5rU3QkfC/UXtCU8y0gSN/GugTqtVldOBWIB5V6V3sbmenVZUIpU6f+mPEO2+m5iTaA=="
    },
    "@graphql-tools/executor@1.5.1_graphql@16.13.1": {
      "integrity": "sha512-n94Qcu875Mji9GQ52n5UbgOTxlgvFJicBPYD+FRks9HKIQpdNPjkkrKZUYNG51XKa+bf03rxNflm4+wXhoHHrA==",
      "dependencies": [
        "@graphql-tools/utils@11.0.0_graphql@16.13.1",
        "@graphql-typed-document-node/core",
        "@repeaterjs/repeater",
        "@whatwg-node/disposablestack",
        "@whatwg-node/promise-helpers",
        "graphql",
        "tslib"
      ]
    },
    "@graphql-tools/merge@9.1.7_graphql@16.13.1": {
      "integrity": "sha512-Y5E1vTbTabvcXbkakdFUt4zUIzB1fyaEnVmIWN0l0GMed2gdD01TpZWLUm4RNAxpturvolrb24oGLQrBbPLSoQ==",
      "dependencies": [
        "@graphql-tools/utils@11.0.0_graphql@16.13.1",
        "graphql",
        "tslib"
      ]
    },
    "@graphql-tools/schema@10.0.31_graphql@16.13.1": {
      "integrity": "sha512-ZewRgWhXef6weZ0WiP7/MV47HXiuFbFpiDUVLQl6mgXsWSsGELKFxQsyUCBos60Qqy1JEFAIu3Ns6GGYjGkqkQ==",
      "dependencies": [
        "@graphql-tools/merge",
        "@graphql-tools/utils@11.0.0_graphql@16.13.1",
        "graphql",
        "tslib"
      ]
    },
    "@graphql-tools/utils@10.11.0_graphql@16.13.1": {
      "integrity": "sha512-iBFR9GXIs0gCD+yc3hoNswViL1O5josI33dUqiNStFI/MHLCEPduasceAcazRH77YONKNiviHBV8f7OgcT4o2Q==",
      "dependencies": [
        "@graphql-typed-document-node/core",
        "@whatwg-node/promise-helpers",
        "cross-inspect",
        "graphql",
        "tslib"
      ]
    },
    "@graphql-tools/utils@11.0.0_graphql@16.13.1": {
      "integrity": "sha512-bM1HeZdXA2C3LSIeLOnH/bcqSgbQgKEDrjxODjqi3y58xai2TkNrtYcQSoWzGbt9VMN1dORGjR7Vem8SPnUFQA==",
      "dependencies": [
        "@graphql-typed-document-node/core",
        "@whatwg-node/promise-helpers",
        "cross-inspect",
        "graphql",
        "tslib"
      ]
    },
    "@graphql-typed-document-node/core@3.2.0_graphql@16.13.1": {
      "integrity": "sha512-mB9oAsNCm9aM3/SOv4YtBMqZbYj10R7dkq8byBqxGY/ncFwhf2oQzMV+LCRlWoDSEBJ3COiR1yeDvMtsoOsuFQ==",
      "dependencies": [
        "graphql"
      ]
    },
    "@graphql-yoga/logger@2.0.1": {
      "integrity": "sha512-Nv0BoDGLMg9QBKy9cIswQ3/6aKaKjlTh87x3GiBg2Z4RrjyrM48DvOOK0pJh1C1At+b0mUIM67cwZcFTDLN4sA==",
      "dependencies": [
        "tslib"
      ]
    },
    "@graphql-yoga/subscription@5.0.5": {
      "integrity": "sha512-oCMWOqFs6QV96/NZRt/ZhTQvzjkGB4YohBOpKM4jH/lDT4qb7Lex/aGCxpi/JD9njw3zBBtMqxbaC22+tFHVvw==",
      "dependencies": [
        "@graphql-yoga/typed-event-target",
        "@repeaterjs/repeater",
        "@whatwg-node/events",
        "tslib"
      ]
    },
    "@graphql-yoga/typed-event-target@3.0.2": {
      "integrity": "sha512-ZpJxMqB+Qfe3rp6uszCQoag4nSw42icURnBRfFYSOmTgEeOe4rD0vYlbA8spvCu2TlCesNTlEN9BLWtQqLxabA==",
      "dependencies": [
        "@repeaterjs/repeater",
        "tslib"
      ]
    },
    "@pothos/core@3.41.2_graphql@16.13.1": {
      "integrity": "sha512-iR1gqd93IyD/snTW47HwKSsRCrvnJaYwjVNcUG8BztZPqMxyJKPAnjPHAgu1XB82KEdysrNqIUnXqnzZIs08QA==",
      "dependencies": [
        "graphql"
      ]
    },
    "@repeaterjs/repeater@3.0.6": {
      "integrity": "sha512-Javneu5lsuhwNCryN+pXH93VPQ8g0dBX7wItHFgYiwQmzE1sVdg5tWHiOgHywzL2W21XQopa7IwIEnNbmeUJYA=="
    },
    "@types/node@25.5.0": {
      "integrity": "sha512-jp2P3tQMSxWugkCUKLRPVUpGaL5MVFwF8RDuSRztfwgN1wmqJeMSbKlnEtQqU8UrhTmzEmZdu2I6v2dpp7XIxw==",
      "dependencies": [
        "undici-types"
      ]
    },
    "@types/pg@8.20.0": {
      "integrity": "sha512-bEPFOaMAHTEP1EzpvHTbmwR8UsFyHSKsRisLIHVMXnpNefSbGA1bD6CVy+qKjGSqmZqNqBDV2azOBo8TgkcVow==",
      "dependencies": [
        "@types/node",
        "pg-protocol",
        "pg-types"
      ]
    },
    "@whatwg-node/disposablestack@0.0.6": {
      "integrity": "sha512-LOtTn+JgJvX8WfBVJtF08TGrdjuFzGJc4mkP8EdDI8ADbvO7kiexYep1o8dwnt0okb0jYclCDXF13xU7Ge4zSw==",
      "dependencies": [
        "@whatwg-node/promise-helpers",
        "tslib"
      ]
    },
    "@whatwg-node/events@0.1.2": {
      "integrity": "sha512-ApcWxkrs1WmEMS2CaLLFUEem/49erT3sxIVjpzU5f6zmVcnijtDSrhoK2zVobOIikZJdH63jdAXOrvjf6eOUNQ==",
      "dependencies": [
        "tslib"
      ]
    },
    "@whatwg-node/fetch@0.10.13": {
      "integrity": "sha512-b4PhJ+zYj4357zwk4TTuF2nEe0vVtOrwdsrNo5hL+u1ojXNhh1FgJ6pg1jzDlwlT4oBdzfSwaBwMCtFCsIWg8Q==",
      "dependencies": [
        "@whatwg-node/node-fetch",
        "urlpattern-polyfill"
      ]
    },
    "@whatwg-node/node-fetch@0.8.5": {
      "integrity": "sha512-4xzCl/zphPqlp9tASLVeUhB5+WJHbuWGYpfoC2q1qh5dw0AqZBW7L27V5roxYWijPxj4sspRAAoOH3d2ztaHUQ==",
      "dependencies": [
        "@fastify/busboy",
        "@whatwg-node/disposablestack",
        "@whatwg-node/promise-helpers",
        "tslib"
      ]
    },
    "@whatwg-node/promise-helpers@1.3.2": {
      "integrity": "sha512-Nst5JdK47VIl9UcGwtv2Rcgyn5lWtZ0/mhRQ4G8NN2isxpq2TO30iqHzmwoJycjWuyUfg3GFXqP/gFHXeV57IA==",
      "dependencies": [
        "tslib"
      ]
    },
    "@whatwg-node/server@0.10.18": {
      "integrity": "sha512-kMwLlxUbduttIgaPdSkmEarFpP+mSY8FEm+QWMBRJwxOHWkri+cxd8KZHO9EMrB9vgUuz+5WEaCawaL5wGVoXg==",
      "dependencies": [
        "@envelop/instrumentation",
        "@whatwg-node/disposablestack",
        "@whatwg-node/fetch",
        "@whatwg-node/promise-helpers",
        "tslib"
      ]
    },
    "cross-inspect@1.0.1": {
      "integrity": "sha512-Pcw1JTvZLSJH83iiGWt6fRcT+BjZlCDRVwYLbUcHzv/CRpB7r0MlSrGbIyQvVSNyGnbt7G4AXuyCiDR3POvZ1A==",
      "dependencies": [
        "tslib"
      ]
    },
    "graphql-yoga@5.18.1_graphql@16.13.1": {
      "integrity": "sha512-GiDSlvibfY/vyurbkBOKMO+adF6bTCzKr80FYWta59s1Lx87oVo8T6Nu/0hrxrGv0SrAUkqUpcpr4Ee7XlYmBw==",
      "dependencies": [
        "@envelop/core",
        "@envelop/instrumentation",
        "@graphql-tools/executor",
        "@graphql-tools/schema",
        "@graphql-tools/utils@10.11.0_graphql@16.13.1",
        "@graphql-yoga/logger",
        "@graphql-yoga/subscription",
        "@whatwg-node/fetch",
        "@whatwg-node/promise-helpers",
        "@whatwg-node/server",
        "graphql",
        "lru-cache",
        "tslib"
      ]
    },
    "graphql@16.13.1": {
      "integrity": "sha512-gGgrVCoDKlIZ8fIqXBBb0pPKqDgki0Z/FSKNiQzSGj2uEYHr1tq5wmBegGwJx6QB5S5cM0khSBpi/JFHMCvsmQ=="
    },
    "lru-cache@10.4.3": {
      "integrity": "sha512-JNAzZcXrCt42VGLuYz0zfAzDfAvJWW6AfYlDBQyDV5DClI2m5sAmK+OIO7s59XfsRsWHp02jAJrRadPRGTt6SQ=="
    },
    "pg-cloudflare@1.3.0": {
      "integrity": "sha512-6lswVVSztmHiRtD6I8hw4qP/nDm1EJbKMRhf3HCYaqud7frGysPv7FYJ5noZQdhQtN2xJnimfMtvQq21pdbzyQ=="
    },
    "pg-connection-string@2.12.0": {
      "integrity": "sha512-U7qg+bpswf3Cs5xLzRqbXbQl85ng0mfSV/J0nnA31MCLgvEaAo7CIhmeyrmJpOr7o+zm0rXK+hNnT5l9RHkCkQ=="
    },
    "pg-int8@1.0.1": {
      "integrity": "sha512-WCtabS6t3c8SkpDBUlb1kjOs7l66xsGdKpIPZsg4wR+B3+u9UAum2odSsF9tnvxg80h4ZxLWMy4pRjOsFIqQpw=="
    },
    "pg-pool@3.13.0_pg@8.20.0": {
      "integrity": "sha512-gB+R+Xud1gLFuRD/QgOIgGOBE2KCQPaPwkzBBGC9oG69pHTkhQeIuejVIk3/cnDyX39av2AxomQiyPT13WKHQA==",
      "dependencies": [
        "pg"
      ]
    },
    "pg-protocol@1.13.0": {
      "integrity": "sha512-zzdvXfS6v89r6v7OcFCHfHlyG/wvry1ALxZo4LqgUoy7W9xhBDMaqOuMiF3qEV45VqsN6rdlcehHrfDtlCPc8w=="
    },
    "pg-types@2.2.0": {
      "integrity": "sha512-qTAAlrEsl8s4OiEQY69wDvcMIdQN6wdz5ojQiOy6YRMuynxenON0O5oCpJI6lshc6scgAY8qvJ2On/p+CXY0GA==",
      "dependencies": [
        "pg-int8",
        "postgres-array",
        "postgres-bytea",
        "postgres-date",
        "postgres-interval"
      ]
    },
    "pg@8.20.0": {
      "integrity": "sha512-ldhMxz2r8fl/6QkXnBD3CR9/xg694oT6DZQ2s6c/RI28OjtSOpxnPrUCGOBJ46RCUxcWdx3p6kw/xnDHjKvaRA==",
      "dependencies": [
        "pg-connection-string",
        "pg-pool",
        "pg-protocol",
        "pg-types",
        "pgpass"
      ],
      "optionalDependencies": [
        "pg-cloudflare"
      ]
    },
    "pgpass@1.0.5": {
      "integrity": "sha512-FdW9r/jQZhSeohs1Z3sI1yxFQNFvMcnmfuj4WBMUTxOrAyLMaTcE1aAMBiTlbMNaXvBCQuVi0R7hd8udDSP7ug==",
      "dependencies": [
        "split2"
      ]
    },
    "postgres-array@2.0.0": {
      "integrity": "sha512-VpZrUqU5A69eQyW2c5CA1jtLecCsN2U/bD6VilrFDWq5+5UIEVO7nazS3TEcHf1zuPYO/sqGvUvW62g86RXZuA=="
    },
    "postgres-bytea@1.0.1": {
      "integrity": "sha512-5+5HqXnsZPE65IJZSMkZtURARZelel2oXUEO8rH83VS/hxH5vv1uHquPg5wZs8yMAfdv971IU+kcPUczi7NVBQ=="
    },
    "postgres-date@1.0.7": {
      "integrity": "sha512-suDmjLVQg78nMK2UZ454hAG+OAW+HQPZ6n++TNDUX+L0+uUlLywnoxJKDou51Zm+zTCjrCl0Nq6J9C5hP9vK/Q=="
    },
    "postgres-interval@1.2.0": {
      "integrity": "sha512-9ZhXKM/rw350N1ovuWHbGxnGh/SNJ4cnxHiM0rxE4VN41wsg8P8zWn9hv/buK00RP4WvlOyr/RBDiptyxVbkZQ==",
      "dependencies": [
        "xtend"
      ]
    },
    "split2@4.2.0": {
      "integrity": "sha512-UcjcJOWknrNkF6PLX83qcHM6KHgVKNkV62Y8a5uYDVv9ydGQVwAHMKqHdJje1VTWpljG0WYpCDhrCdAOYH4TWg=="
    },
    "tslib@2.8.1": {
      "integrity": "sha512-oJFu94HQb+KVduSUQL7wnpmqnfmLsOA/nAh6b6EH0wCEoK0/mPeXU6c3wKDV83MkOuHPRHtSXKKU99IBazS/2w=="
    },
    "tweetnacl@1.0.3": {
      "integrity": "sha512-6rt+RN7aOi1nGMyC4Xa5DdYiukl2UWCbcJft7YhxReBGQD7OAM8Pbxw6YMo4r2diNEA8FEmu32YOn9rhaiE5yw=="
    },
    "undici-types@7.18.2": {
      "integrity": "sha512-AsuCzffGHJybSaRrmr5eHr81mwJU3kjw6M+uprWvCXiNeN9SOGwQ3Jn8jb8m3Z6izVgknn1R0FTCEAP2QrLY/w=="
    },
    "urlpattern-polyfill@10.1.0": {
      "integrity": "sha512-IGjKp/o0NL3Bso1PymYURCJxMPNAf/ILOpendP9f5B6e1rTJgdgiOvgfoT8VxCAdY+Wisb9uhGaJJf3yZ2V9nw=="
    },
    "xtend@4.0.2": {
      "integrity": "sha512-LKYU1iAXJXUgAXn9URjiu+MWhyUXHsvfp7mcuYm9dSUKK0/CjtrUwFAxD82/mCWbtLsGjFIad0wIsod4zrTAEQ=="
    }
  },
  "workspace": {
    "dependencies": [
      "jsr:@joyautomation/coral@^0.0.12",
      "jsr:@joyautomation/tentacle-nats-schema@^0.0.9",
      "jsr:@nats-io/jetstream@3.3",
      "jsr:@nats-io/kv@3",
      "jsr:@nats-io/transport-deno@3.3",
      "npm:@pothos/core@^3.41.0",
      "npm:graphql-yoga@^5.1.1",
      "npm:graphql@^16.8.1"
    ]
  }
}
